
Microsoft Visual Studio Solution File, Format Version 12.00
# Visual Studio Version 16
VisualStudioVersion = 16.0.30907.101
MinimumVisualStudioVersion = 10.0.40219.1
Project("{FAE04EC0-301F-11D3-BF4B-00C04F79EFBC}") = "EgdeBookingSystem", "EgdeBookingSystem.csproj", "{CF08EE3F-0249-4B31-B713-40EB61664BD7}"
EndProject
Project("{E53339B2-1760-4266-BCC7-CA923CBCF16C}") = "docker-compose", "docker-compose.dcproj", "{956F73DE-035D-41D0-9E5F-1A0A4293F016}"
EndProject
Global
	GlobalSection(SolutionConfigurationPlatforms) = preSolution
		Debug|Any CPU = Debug|Any CPU
		Release|Any CPU = Release|Any CPU
	EndGlobalSection
	GlobalSection(ProjectConfigurationPlatforms) = postSolution
		{CF08EE3F-0249-4B31-B713-40EB61664BD7}.Debug|Any CPU.ActiveCfg = Debug|Any CPU
		{CF08EE3F-0249-4B31-B713-40EB61664BD7}.Debug|Any CPU.Build.0 = Debug|Any CPU
		{CF08EE3F-0249-4B31-B713-40EB61664BD7}.Release|Any CPU.ActiveCfg = Release|Any CPU
		{CF08EE3F-0249-4B31-B713-40EB61664BD7}.Release|Any CPU.Build.0 = Release|Any CPU
		{956F73DE-035D-41D0-9E5F-1A0A4293F016}.Debug|Any CPU.ActiveCfg = Debug|Any CPU
		{956F73DE-035D-41D0-9E5F-1A0A4293F016}.Debug|Any CPU.Build.0 = Debug|Any CPU
		{956F73DE-035D-41D0-9E5F-1A0A4293F016}.Release|Any CPU.ActiveCfg = Release|Any CPU
		{956F73DE-035D-41D0-9E5F-1A0A4293F016}.Release|Any CPU.Build.0 = Release|Any CPU
	EndGlobalSection
	GlobalSection(SolutionProperties) = preSolution
		HideSolutionNode = FALSE
	EndGlobalSection
	GlobalSection(ExtensibilityGlobals) = postSolution
		SolutionGuid = {ED7AC124-5A3E-47DB-976C-8B91ACCB00A8}
	EndGlobalSection
EndGlobal
